// !$*UTF8*$!
{
	archiveVersion = 1;
	classes = {
	};
	objectVersion = 50;
	objects = {

/* Begin PBXBuildFile section */
		441FAEA2213A02E4005001EC /* GameView.swift in Sources */ = {isa = PBXBuildFile; fileRef = 441FAEA1213A02E4005001EC /* GameView.swift */; };
		441FAEA4213A02F4005001EC /* GamePresenter.swift in Sources */ = {isa = PBXBuildFile; fileRef = 441FAEA3213A02F4005001EC /* GamePresenter.swift */; };
		441FAEA6213A0306005001EC /* TictactoePresenter.swift in Sources */ = {isa = PBXBuildFile; fileRef = 441FAEA5213A0306005001EC /* TictactoePresenter.swift */; };
		44AE73A021395A2F00D69968 /* AppDelegate.swift in Sources */ = {isa = PBXBuildFile; fileRef = 44AE739F21395A2F00D69968 /* AppDelegate.swift */; };
		44AE73A221395A2F00D69968 /* ViewController.swift in Sources */ = {isa = PBXBuildFile; fileRef = 44AE73A121395A2F00D69968 /* ViewController.swift */; };
		44AE73A521395A2F00D69968 /* Main.storyboard in Resources */ = {isa = PBXBuildFile; fileRef = 44AE73A321395A2F00D69968 /* Main.storyboard */; };
		44AE73A721395A3100D69968 /* Assets.xcassets in Resources */ = {isa = PBXBuildFile; fileRef = 44AE73A621395A3100D69968 /* Assets.xcassets */; };
		44AE73AA21395A3100D69968 /* LaunchScreen.storyboard in Resources */ = {isa = PBXBuildFile; fileRef = 44AE73A821395A3100D69968 /* LaunchScreen.storyboard */; };
		44AE73B521395A3200D69968 /* tictactoeTests.swift in Sources */ = {isa = PBXBuildFile; fileRef = 44AE73B421395A3200D69968 /* tictactoeTests.swift */; };
		44AE73C021395A3200D69968 /* tictactoeUITests.swift in Sources */ = {isa = PBXBuildFile; fileRef = 44AE73BF21395A3200D69968 /* tictactoeUITests.swift */; };
		44AE73D121395E8100D69968 /* Player.swift in Sources */ = {isa = PBXBuildFile; fileRef = 44AE73D021395E8100D69968 /* Player.swift */; };
		44AE73D321395FD000D69968 /* Cell.swift in Sources */ = {isa = PBXBuildFile; fileRef = 44AE73D221395FD000D69968 /* Cell.swift */; };
		44AE73D52139609400D69968 /* Board.swift in Sources */ = {isa = PBXBuildFile; fileRef = 44AE73D42139609400D69968 /* Board.swift */; };
		44AE73D62139CAF500D69968 /* Board.swift in Sources */ = {isa = PBXBuildFile; fileRef = 44AE73D42139609400D69968 /* Board.swift */; };
		44AE73D72139CD8A00D69968 /* Player.swift in Sources */ = {isa = PBXBuildFile; fileRef = 44AE73D021395E8100D69968 /* Player.swift */; };
		44AE73D82139CD8E00D69968 /* Cell.swift in Sources */ = {isa = PBXBuildFile; fileRef = 44AE73D221395FD000D69968 /* Cell.swift */; };
/* End PBXBuildFile section */

/* Begin PBXContainerItemProxy section */
		44AE73B121395A3200D69968 /* PBXContainerItemProxy */ = {
			isa = PBXContainerItemProxy;
			containerPortal = 44AE739421395A2F00D69968 /* Project object */;
			proxyType = 1;
			remoteGlobalIDString = 44AE739B21395A2F00D69968;
			remoteInfo = tictactoe;
		};
		44AE73BC21395A3200D69968 /* PBXContainerItemProxy */ = {
			isa = PBXContainerItemProxy;
			containerPortal = 44AE739421395A2F00D69968 /* Project object */;
			proxyType = 1;
			remoteGlobalIDString = 44AE739B21395A2F00D69968;
			remoteInfo = tictactoe;
		};
/* End PBXContainerItemProxy section */

/* Begin PBXFileReference section */
		441FAEA1213A02E4005001EC /* GameView.swift */ = {isa = PBXFileReference; lastKnownFileType = sourcecode.swift; path = GameView.swift; sourceTree = "<group>"; };
		441FAEA3213A02F4005001EC /* GamePresenter.swift */ = {isa = PBXFileReference; lastKnownFileType = sourcecode.swift; path = GamePresenter.swift; sourceTree = "<group>"; };
		441FAEA5213A0306005001EC /* TictactoePresenter.swift */ = {isa = PBXFileReference; lastKnownFileType = sourcecode.swift; path = TictactoePresenter.swift; sourceTree = "<group>"; };
		44AE739C21395A2F00D69968 /* tictactoe.app */ = {isa = PBXFileReference; explicitFileType = wrapper.application; includeInIndex = 0; path = tictactoe.app; sourceTree = BUILT_PRODUCTS_DIR; };
		44AE739F21395A2F00D69968 /* AppDelegate.swift */ = {isa = PBXFileReference; lastKnownFileType = sourcecode.swift; path = AppDelegate.swift; sourceTree = "<group>"; };
		44AE73A121395A2F00D69968 /* ViewController.swift */ = {isa = PBXFileReference; lastKnownFileType = sourcecode.swift; path = ViewController.swift; sourceTree = "<group>"; };
		44AE73A421395A2F00D69968 /* Base */ = {isa = PBXFileReference; lastKnownFileType = file.storyboard; name = Base; path = Base.lproj/Main.storyboard; sourceTree = "<group>"; };
		44AE73A621395A3100D69968 /* Assets.xcassets */ = {isa = PBXFileReference; lastKnownFileType = folder.assetcatalog; path = Assets.xcassets; sourceTree = "<group>"; };
		44AE73A921395A3100D69968 /* Base */ = {isa = PBXFileReference; lastKnownFileType = file.storyboard; name = Base; path = Base.lproj/LaunchScreen.storyboard; sourceTree = "<group>"; };
		44AE73AB21395A3100D69968 /* Info.plist */ = {isa = PBXFileReference; lastKnownFileType = text.plist.xml; path = Info.plist; sourceTree = "<group>"; };
		44AE73B021395A3200D69968 /* tictactoeTests.xctest */ = {isa = PBXFileReference; explicitFileType = wrapper.cfbundle; includeInIndex = 0; path = tictactoeTests.xctest; sourceTree = BUILT_PRODUCTS_DIR; };
		44AE73B421395A3200D69968 /* tictactoeTests.swift */ = {isa = PBXFileReference; lastKnownFileType = sourcecode.swift; path = tictactoeTests.swift; sourceTree = "<group>"; };
		44AE73B621395A3200D69968 /* Info.plist */ = {isa = PBXFileReference; lastKnownFileType = text.plist.xml; path = Info.plist; sourceTree = "<group>"; };
		44AE73BB21395A3200D69968 /* tictactoeUITests.xctest */ = {isa = PBXFileReference; explicitFileType = wrapper.cfbundle; includeInIndex = 0; path = tictactoeUITests.xctest; sourceTree = BUILT_PRODUCTS_DIR; };
		44AE73BF21395A3200D69968 /* tictactoeUITests.swift */ = {isa = PBXFileReference; lastKnownFileType = sourcecode.swift; path = tictactoeUITests.swift; sourceTree = "<group>"; };
		44AE73C121395A3200D69968 /* Info.plist */ = {isa = PBXFileReference; lastKnownFileType = text.plist.xml; path = Info.plist; sourceTree = "<group>"; };
		44AE73D021395E8100D69968 /* Player.swift */ = {isa = PBXFileReference; lastKnownFileType = sourcecode.swift; path = Player.swift; sourceTree = "<group>"; };
		44AE73D221395FD000D69968 /* Cell.swift */ = {isa = PBXFileReference; lastKnownFileType = sourcecode.swift; path = Cell.swift; sourceTree = "<group>"; };
		44AE73D42139609400D69968 /* Board.swift */ = {isa = PBXFileReference; lastKnownFileType = sourcecode.swift; path = Board.swift; sourceTree = "<group>"; };
/* End PBXFileReference section */

/* Begin PBXFrameworksBuildPhase section */
		44AE739921395A2F00D69968 /* Frameworks */ = {
			isa = PBXFrameworksBuildPhase;
			buildActionMask = 2147483647;
			files = (
			);
			runOnlyForDeploymentPostprocessing = 0;
		};
		44AE73AD21395A3200D69968 /* Frameworks */ = {
			isa = PBXFrameworksBuildPhase;
			buildActionMask = 2147483647;
			files = (
			);
			runOnlyForDeploymentPostprocessing = 0;
		};
		44AE73B821395A3200D69968 /* Frameworks */ = {
			isa = PBXFrameworksBuildPhase;
			buildActionMask = 2147483647;
			files = (
			);
			runOnlyForDeploymentPostprocessing = 0;
		};
/* End PBXFrameworksBuildPhase section */

/* Begin PBXGroup section */
		441FAEA0213A02C1005001EC /* presenter */ = {
			isa = PBXGroup;
			children = (
				441FAEA3213A02F4005001EC /* GamePresenter.swift */,
				441FAEA5213A0306005001EC /* TictactoePresenter.swift */,
			);
			path = presenter;
			sourceTree = "<group>";
		};
		44AE739321395A2F00D69968 = {
			isa = PBXGroup;
			children = (
				44AE739E21395A2F00D69968 /* tictactoe */,
				44AE73B321395A3200D69968 /* tictactoeTests */,
				44AE73BE21395A3200D69968 /* tictactoeUITests */,
				44AE739D21395A2F00D69968 /* Products */,
			);
			sourceTree = "<group>";
		};
		44AE739D21395A2F00D69968 /* Products */ = {
			isa = PBXGroup;
			children = (
				44AE739C21395A2F00D69968 /* tictactoe.app */,
				44AE73B021395A3200D69968 /* tictactoeTests.xctest */,
				44AE73BB21395A3200D69968 /* tictactoeUITests.xctest */,
			);
			name = Products;
			sourceTree = "<group>";
		};
		44AE739E21395A2F00D69968 /* tictactoe */ = {
			isa = PBXGroup;
			children = (
				44AE73CF21395E5C00D69968 /* model */,
				44AE73CE21395E4C00D69968 /* controller */,
				441FAEA0213A02C1005001EC /* presenter */,
				44AE739F21395A2F00D69968 /* AppDelegate.swift */,
				44AE73A321395A2F00D69968 /* Main.storyboard */,
				44AE73A621395A3100D69968 /* Assets.xcassets */,
				44AE73A821395A3100D69968 /* LaunchScreen.storyboard */,
				44AE73AB21395A3100D69968 /* Info.plist */,
			);
			path = tictactoe;
			sourceTree = "<group>";
		};
		44AE73B321395A3200D69968 /* tictactoeTests */ = {
			isa = PBXGroup;
			children = (
				44AE73B421395A3200D69968 /* tictactoeTests.swift */,
				44AE73B621395A3200D69968 /* Info.plist */,
			);
			path = tictactoeTests;
			sourceTree = "<group>";
		};
		44AE73BE21395A3200D69968 /* tictactoeUITests */ = {
			isa = PBXGroup;
			children = (
				44AE73BF21395A3200D69968 /* tictactoeUITests.swift */,
				44AE73C121395A3200D69968 /* Info.plist */,
			);
			path = tictactoeUITests;
			sourceTree = "<group>";
		};
		44AE73CE21395E4C00D69968 /* controller */ = {
			isa = PBXGroup;
			children = (
				44AE73A121395A2F00D69968 /* ViewController.swift */,
				441FAEA1213A02E4005001EC /* GameView.swift */,
			);
			path = controller;
			sourceTree = "<group>";
		};
		44AE73CF21395E5C00D69968 /* model */ = {
			isa = PBXGroup;
			children = (
				44AE73D021395E8100D69968 /* Player.swift */,
				44AE73D221395FD000D69968 /* Cell.swift */,
				44AE73D42139609400D69968 /* Board.swift */,
			);
			path = model;
			sourceTree = "<group>";
		};
/* End PBXGroup section */

/* Begin PBXNativeTarget section */
		44AE739B21395A2F00D69968 /* tictactoe */ = {
			isa = PBXNativeTarget;
			buildConfigurationList = 44AE73C421395A3200D69968 /* Build configuration list for PBXNativeTarget "tictactoe" */;
			buildPhases = (
				44AE739821395A2F00D69968 /* Sources */,
				44AE739921395A2F00D69968 /* Frameworks */,
				44AE739A21395A2F00D69968 /* Resources */,
			);
			buildRules = (
			);
			dependencies = (
			);
			name = tictactoe;
			productName = tictactoe;
			productReference = 44AE739C21395A2F00D69968 /* tictactoe.app */;
			productType = "com.apple.product-type.application";
		};
		44AE73AF21395A3200D69968 /* tictactoeTests */ = {
			isa = PBXNativeTarget;
			buildConfigurationList = 44AE73C721395A3200D69968 /* Build configuration list for PBXNativeTarget "tictactoeTests" */;
			buildPhases = (
				44AE73AC21395A3200D69968 /* Sources */,
				44AE73AD21395A3200D69968 /* Frameworks */,
				44AE73AE21395A3200D69968 /* Resources */,
			);
			buildRules = (
			);
			dependencies = (
				44AE73B221395A3200D69968 /* PBXTargetDependency */,
			);
			name = tictactoeTests;
			productName = tictactoeTests;
			productReference = 44AE73B021395A3200D69968 /* tictactoeTests.xctest */;
			productType = "com.apple.product-type.bundle.unit-test";
		};
		44AE73BA21395A3200D69968 /* tictactoeUITests */ = {
			isa = PBXNativeTarget;
			buildConfigurationList = 44AE73CA21395A3200D69968 /* Build configuration list for PBXNativeTarget "tictactoeUITests" */;
			buildPhases = (
				44AE73B721395A3200D69968 /* Sources */,
				44AE73B821395A3200D69968 /* Frameworks */,
				44AE73B921395A3200D69968 /* Resources */,
			);
			buildRules = (
			);
			dependencies = (
				44AE73BD21395A3200D69968 /* PBXTargetDependency */,
			);
			name = tictactoeUITests;
			productName = tictactoeUITests;
			productReference = 44AE73BB21395A3200D69968 /* tictactoeUITests.xctest */;
			productType = "com.apple.product-type.bundle.ui-testing";
		};
/* End PBXNativeTarget section */

/* Begin PBXProject section */
		44AE739421395A2F00D69968 /* Project object */ = {
			isa = PBXProject;
			attributes = {
				LastSwiftUpdateCheck = 0940;
				LastUpgradeCheck = 0940;
				ORGANIZATIONNAME = "Liem Vo";
				TargetAttributes = {
					44AE739B21395A2F00D69968 = {
						CreatedOnToolsVersion = 9.4.1;
					};
					44AE73AF21395A3200D69968 = {
						CreatedOnToolsVersion = 9.4.1;
						TestTargetID = 44AE739B21395A2F00D69968;
					};
					44AE73BA21395A3200D69968 = {
						CreatedOnToolsVersion = 9.4.1;
						TestTargetID = 44AE739B21395A2F00D69968;
					};
				};
			};
			buildConfigurationList = 44AE739721395A2F00D69968 /* Build configuration list for PBXProject "tictactoe" */;
			compatibilityVersion = "Xcode 9.3";
			developmentRegion = en;
			hasScannedForEncodings = 0;
			knownRegions = (
				en,
				Base,
			);
			mainGroup = 44AE739321395A2F00D69968;
			productRefGroup = 44AE739D21395A2F00D69968 /* Products */;
			projectDirPath = "";
			projectRoot = "";
			targets = (
				44AE739B21395A2F00D69968 /* tictactoe */,
				44AE73AF21395A3200D69968 /* tictactoeTests */,
				44AE73BA21395A3200D69968 /* tictactoeUITests */,
			);
		};
/* End PBXProject section */

/* Begin PBXResourcesBuildPhase section */
		44AE739A21395A2F00D69968 /* Resources */ = {
			isa = PBXResourcesBuildPhase;
			buildActionMask = 2147483647;
			files = (
				44AE73AA21395A3100D69968 /* LaunchScreen.storyboard in Resources */,
				44AE73A721395A3100D69968 /* Assets.xcassets in Resources */,
				44AE73A521395A2F00D69968 /* Main.storyboard in Resources */,
			);
			runOnlyForDeploymentPostprocessing = 0;
		};
		44AE73AE21395A3200D69968 /* Resources */ = {
			isa = PBXResourcesBuildPhase;
			buildActionMask = 2147483647;
			files = (
			);
			runOnlyForDeploymentPostprocessing = 0;
		};
		44AE73B921395A3200D69968 /* Resources */ = {
			isa = PBXResourcesBuildPhase;
			buildActionMask = 2147483647;
			files = (
			);
			runOnlyForDeploymentPostprocessing = 0;
		};
/* End PBXResourcesBuildPhase section */

/* Begin PBXSourcesBuildPhase section */
		44AE739821395A2F00D69968 /* Sources */ = {
			isa = PBXSourcesBuildPhase;
			buildActionMask = 2147483647;
			files = (
				44AE73A221395A2F00D69968 /* ViewController.swift in Sources */,
				44AE73D321395FD000D69968 /* Cell.swift in Sources */,
				44AE73D52139609400D69968 /* Board.swift in Sources */,
				441FAEA6213A0306005001EC /* TictactoePresenter.swift in Sources */,
				44AE73D121395E8100D69968 /* Player.swift in Sources */,
				441FAEA4213A02F4005001EC /* GamePresenter.swift in Sources */,
				441FAEA2213A02E4005001EC /* GameView.swift in Sources */,
				44AE73A021395A2F00D69968 /* AppDelegate.swift in Sources */,
			);
			runOnlyForDeploymentPostprocessing = 0;
		};
		44AE73AC21395A3200D69968 /* Sources */ = {
			isa = PBXSourcesBuildPhase;
			buildActionMask = 2147483647;
			files = (
				44AE73B521395A3200D69968 /* tictactoeTests.swift in Sources */,
			);
			runOnlyForDeploymentPostprocessing = 0;
		};
		44AE73B721395A3200D69968 /* Sources */ = {
			isa = PBXSourcesBuildPhase;
			buildActionMask = 2147483647;
			files = (
				44AE73D62139CAF500D69968 /* Board.swift in Sources */,
				44AE73D82139CD8E00D69968 /* Cell.swift in Sources */,
				44AE73D72139CD8A00D69968 /* Player.swift in Sources */,
				44AE73C021395A3200D69968 /* tictactoeUITests.swift in Sources */,
			);
			runOnlyForDeploymentPostprocessing = 0;
		};
/* End PBXSourcesBuildPhase section */

/* Begin PBXTargetDependency section */
		44AE73B221395A3200D69968 /* PBXTargetDependency */ = {
			isa = PBXTargetDependency;
			target = 44AE739B21395A2F00D69968 /* tictactoe */;
			targetProxy = 44AE73B121395A3200D69968 /* PBXContainerItemProxy */;
		};
		44AE73BD21395A3200D69968 /* PBXTargetDependency */ = {
			isa = PBXTargetDependency;
			target = 44AE739B21395A2F00D69968 /* tictactoe */;
			targetProxy = 44AE73BC21395A3200D69968 /* PBXContainerItemProxy */;
		};
/* End PBXTargetDependency section */

/* Begin PBXVariantGroup section */
		44AE73A321395A2F00D69968 /* Main.storyboard */ = {
			isa = PBXVariantGroup;
			children = (
				44AE73A421395A2F00D69968 /* Base */,
			);
			name = Main.storyboard;
			sourceTree = "<group>";
		};
		44AE73A821395A3100D69968 /* LaunchScreen.storyboard */ = {
			isa = PBXVariantGroup;
			children = (
				44AE73A921395A3100D69968 /* Base */,
			);
			name = LaunchScreen.storyboard;
			sourceTree = "<group>";
		};
/* End PBXVariantGroup section */

/* Begin XCBuildConfiguration section */
		44AE73C221395A3200D69968 /* Debug */ = {
			isa = XCBuildConfiguration;
			buildSettings = {
				ALWAYS_SEARCH_USER_PATHS = NO;
				CLANG_ANALYZER_NONNULL = YES;
				CLANG_ANALYZER_NUMBER_OBJECT_CONVERSION = YES_AGGRESSIVE;
				CLANG_CXX_LANGUAGE_STANDARD = "gnu++14";
				CLANG_CXX_LIBRARY = "libc++";
				CLANG_ENABLE_MODULES = YES;
				CLANG_ENABLE_OBJC_ARC = YES;
				CLANG_ENABLE_OBJC_WEAK = YES;
				CLANG_WARN_BLOCK_CAPTURE_AUTORELEASING = YES;
				CLANG_WARN_BOOL_CONVERSION = YES;
				CLANG_WARN_COMMA = YES;
				CLANG_WARN_CONSTANT_CONVERSION = YES;
				CLANG_WARN_DEPRECATED_OBJC_IMPLEMENTATIONS = YES;
				CLANG_WARN_DIRECT_OBJC_ISA_USAGE = YES_ERROR;
				CLANG_WARN_DOCUMENTATION_COMMENTS = YES;
				CLANG_WARN_EMPTY_BODY = YES;
				CLANG_WARN_ENUM_CONVERSION = YES;
				CLANG_WARN_INFINITE_RECURSION = YES;
				CLANG_WARN_INT_CONVERSION = YES;
				CLANG_WARN_NON_LITERAL_NULL_CONVERSION = YES;
				CLANG_WARN_OBJC_IMPLICIT_RETAIN_SELF = YES;
				CLANG_WARN_OBJC_LITERAL_CONVERSION = YES;
				CLANG_WARN_OBJC_ROOT_CLASS = YES_ERROR;
				CLANG_WARN_RANGE_LOOP_ANALYSIS = YES;
				CLANG_WARN_STRICT_PROTOTYPES = YES;
				CLANG_WARN_SUSPICIOUS_MOVE = YES;
				CLANG_WARN_UNGUARDED_AVAILABILITY = YES_AGGRESSIVE;
				CLANG_WARN_UNREACHABLE_CODE = YES;
				CLANG_WARN__DUPLICATE_METHOD_MATCH = YES;
				CODE_SIGN_IDENTITY = "iPhone Developer";
				COPY_PHASE_STRIP = NO;
				DEBUG_INFORMATION_FORMAT = dwarf;
				ENABLE_STRICT_OBJC_MSGSEND = YES;
				ENABLE_TESTABILITY = YES;
				GCC_C_LANGUAGE_STANDARD = gnu11;
				GCC_DYNAMIC_NO_PIC = NO;
				GCC_NO_COMMON_BLOCKS = YES;
				GCC_OPTIMIZATION_LEVEL = 0;
				GCC_PREPROCESSOR_DEFINITIONS = (
					"DEBUG=1",
					"$(inherited)",
				);
				GCC_WARN_64_TO_32_BIT_CONVERSION = YES;
				GCC_WARN_ABOUT_RETURN_TYPE = YES_ERROR;
				GCC_WARN_UNDECLARED_SELECTOR = YES;
				GCC_WARN_UNINITIALIZED_AUTOS = YES_AGGRESSIVE;
				GCC_WARN_UNUSED_FUNCTION = YES;
				GCC_WARN_UNUSED_VARIABLE = YES;
				IPHONEOS_DEPLOYMENT_TARGET = 11.4;
				MTL_ENABLE_DEBUG_INFO = YES;
				ONLY_ACTIVE_ARCH = YES;
				SDKROOT = iphoneos;
				SWIFT_ACTIVE_COMPILATION_CONDITIONS = DEBUG;
				SWIFT_OPTIMIZATION_LEVEL = "-Onone";
			};
			name = Debug;
		};
		44AE73C321395A3200D69968 /* Release */ = {
			isa = XCBuildConfiguration;
			buildSettings = {
				ALWAYS_SEARCH_USER_PATHS = NO;
				CLANG_ANALYZER_NONNULL = YES;
				CLANG_ANALYZER_NUMBER_OBJECT_CONVERSION = YES_AGGRESSIVE;
				CLANG_CXX_LANGUAGE_STANDARD = "gnu++14";
				CLANG_CXX_LIBRARY = "libc++";
				CLANG_ENABLE_MODULES = YES;
				CLANG_ENABLE_OBJC_ARC = YES;
				CLANG_ENABLE_OBJC_WEAK = YES;
				CLANG_WARN_BLOCK_CAPTURE_AUTORELEASING = YES;
				CLANG_WARN_BOOL_CONVERSION = YES;
				CLANG_WARN_COMMA = YES;
				CLANG_WARN_CONSTANT_CONVERSION = YES;
				CLANG_WARN_DEPRECATED_OBJC_IMPLEMENTATIONS = YES;
				CLANG_WARN_DIRECT_OBJC_ISA_USAGE = YES_ERROR;
				CLANG_WARN_DOCUMENTATION_COMMENTS = YES;
				CLANG_WARN_EMPTY_BODY = YES;
				CLANG_WARN_ENUM_CONVERSION = YES;
				CLANG_WARN_INFINITE_RECURSION = YES;
				CLANG_WARN_INT_CONVERSION = YES;
				CLANG_WARN_NON_LITERAL_NULL_CONVERSION = YES;
				CLANG_WARN_OBJC_IMPLICIT_RETAIN_SELF = YES;
				CLANG_WARN_OBJC_LITERAL_CONVERSION = YES;
				CLANG_WARN_OBJC_ROOT_CLASS = YES_ERROR;
				CLANG_WARN_RANGE_LOOP_ANALYSIS = YES;
				CLANG_WARN_STRICT_PROTOTYPES = YES;
				CLANG_WARN_SUSPICIOUS_MOVE = YES;
				CLANG_WARN_UNGUARDED_AVAILABILITY = YES_AGGRESSIVE;
				CLANG_WARN_UNREACHABLE_CODE = YES;
				CLANG_WARN__DUPLICATE_METHOD_MATCH = YES;
				CODE_SIGN_IDENTITY = "iPhone Developer";
				COPY_PHASE_STRIP = NO;
				DEBUG_INFORMATION_FORMAT = "dwarf-with-dsym";
				ENABLE_NS_ASSERTIONS = NO;
				ENABLE_STRICT_OBJC_MSGSEND = YES;
				GCC_C_LANGUAGE_STANDARD = gnu11;
				GCC_NO_COMMON_BLOCKS = YES;
				GCC_WARN_64_TO_32_BIT_CONVERSION = YES;
				GCC_WARN_ABOUT_RETURN_TYPE = YES_ERROR;
				GCC_WARN_UNDECLARED_SELECTOR = YES;
				GCC_WARN_UNINITIALIZED_AUTOS = YES_AGGRESSIVE;
				GCC_WARN_UNUSED_FUNCTION = YES;
				GCC_WARN_UNUSED_VARIABLE = YES;
				IPHONEOS_DEPLOYMENT_TARGET = 11.4;
				MTL_ENABLE_DEBUG_INFO = NO;
				SDKROOT = iphoneos;
				SWIFT_COMPILATION_MODE = wholemodule;
				SWIFT_OPTIMIZATION_LEVEL = "-O";
				VALIDATE_PRODUCT = YES;
			};
			name = Release;
		};
		44AE73C521395A3200D69968 /* Debug */ = {
			isa = XCBuildConfiguration;
			buildSettings = {
				ASSETCATALOG_COMPILER_APPICON_NAME = AppIcon;
				CODE_SIGN_STYLE = Automatic;
				DEVELOPMENT_TEAM = X3FGZM4HB9;
				INFOPLIST_FILE = tictactoe/Info.plist;
				LD_RUNPATH_SEARCH_PATHS = (
					"$(inherited)",
					"@executable_path/Frameworks",
				);
				PRODUCT_BUNDLE_IDENTIFIER = com.vad.tictactoe;
				PRODUCT_NAME = "$(TARGET_NAME)";
				SWIFT_VERSION = 4.0;
				TARGETED_DEVICE_FAMILY = "1,2";
			};
			name = Debug;
		};
		44AE73C621395A3200D69968 /* Release */ = {
			isa = XCBuildConfiguration;
			buildSettings = {
				ASSETCATALOG_COMPILER_APPICON_NAME = AppIcon;
				CODE_SIGN_STYLE = Automatic;
				DEVELOPMENT_TEAM = X3FGZM4HB9;
				INFOPLIST_FILE = tictactoe/Info.plist;
				LD_RUNPATH_SEARCH_PATHS = (
					"$(inherited)",
					"@executable_path/Frameworks",
				);
				PRODUCT_BUNDLE_IDENTIFIER = com.vad.tictactoe;
				PRODUCT_NAME = "$(TARGET_NAME)";
				SWIFT_VERSION = 4.0;
				TARGETED_DEVICE_FAMILY = "1,2";
			};
			name = Release;
		};
		44AE73C821395A3200D69968 /* Debug */ = {
			isa = XCBuildConfiguration;
			buildSettings = {
				ALWAYS_EMBED_SWIFT_STANDARD_LIBRARIES = YES;
				BUNDLE_LOADER = "$(TEST_HOST)";
				CODE_SIGN_STYLE = Automatic;
				DEVELOPMENT_TEAM = X3FGZM4HB9;
				INFOPLIST_FILE = tictactoeTests/Info.plist;
				LD_RUNPATH_SEARCH_PATHS = (
					"$(inherited)",
					"@executable_path/Frameworks",
					"@loader_path/Frameworks",
				);
				PRODUCT_BUNDLE_IDENTIFIER = com.vad.tictactoeTests;
				PRODUCT_NAME = "$(TARGET_NAME)";
				SWIFT_VERSION = 4.0;
				TARGETED_DEVICE_FAMILY = "1,2";
				TEST_HOST = "$(BUILT_PRODUCTS_DIR)/tictactoe.app/tictactoe";
			};
			name = Debug;
		};
		44AE73C921395A3200D69968 /* Release */ = {
			isa = XCBuildConfiguration;
			buildSettings = {
				ALWAYS_EMBED_SWIFT_STANDARD_LIBRARIES = YES;
				BUNDLE_LOADER = "$(TEST_HOST)";
				CODE_SIGN_STYLE = Automatic;
				DEVELOPMENT_TEAM = X3FGZM4HB9;
				INFOPLIST_FILE = tictactoeTests/Info.plist;
				LD_RUNPATH_SEARCH_PATHS = (
					"$(inherited)",
					"@executable_path/Frameworks",
					"@loader_path/Frameworks",
				);
				PRODUCT_BUNDLE_IDENTIFIER = com.vad.tictactoeTests;
				PRODUCT_NAME = "$(TARGET_NAME)";
				SWIFT_VERSION = 4.0;
				TARGETED_DEVICE_FAMILY = "1,2";
				TEST_HOST = "$(BUILT_PRODUCTS_DIR)/tictactoe.app/tictactoe";
			};
			name = Release;
		};
		44AE73CB21395A3200D69968 /* Debug */ = {
			isa = XCBuildConfiguration;
			buildSettings = {
				ALWAYS_EMBED_SWIFT_STANDARD_LIBRARIES = YES;
				CODE_SIGN_STYLE = Automatic;
				DEVELOPMENT_TEAM = X3FGZM4HB9;
				INFOPLIST_FILE = tictactoeUITests/Info.plist;
				LD_RUNPATH_SEARCH_PATHS = (
					"$(inherited)",
					"@executable_path/Frameworks",
					"@loader_path/Frameworks",
				);
				PRODUCT_BUNDLE_IDENTIFIER = com.vad.tictactoeUITests;
				PRODUCT_NAME = "$(TARGET_NAME)";
				SWIFT_VERSION = 4.0;
				TARGETED_DEVICE_FAMILY = "1,2";
				TEST_TARGET_NAME = tictactoe;
			};
			name = Debug;
		};
		44AE73CC21395A3200D69968 /* Release */ = {
			isa = XCBuildConfiguration;
			buildSettings = {
				ALWAYS_EMBED_SWIFT_STANDARD_LIBRARIES = YES;
				CODE_SIGN_STYLE = Automatic;
				DEVELOPMENT_TEAM = X3FGZM4HB9;
				INFOPLIST_FILE = tictactoeUITests/Info.plist;
				LD_RUNPATH_SEARCH_PATHS = (
					"$(inherited)",
					"@executable_path/Frameworks",
					"@loader_path/Frameworks",
				);
				PRODUCT_BUNDLE_IDENTIFIER = com.vad.tictactoeUITests;
				PRODUCT_NAME = "$(TARGET_NAME)";
				SWIFT_VERSION = 4.0;
				TARGETED_DEVICE_FAMILY = "1,2";
				TEST_TARGET_NAME = tictactoe;
			};
			name = Release;
		};
/* End XCBuildConfiguration section */

/* Begin XCConfigurationList section */
		44AE739721395A2F00D69968 /* Build configuration list for PBXProject "tictactoe" */ = {
			isa = XCConfigurationList;
			buildConfigurations = (
				44AE73C221395A3200D69968 /* Debug */,
				44AE73C321395A3200D69968 /* Release */,
			);
			defaultConfigurationIsVisible = 0;
			defaultConfigurationName = Release;
		};
		44AE73C421395A3200D69968 /* Build configuration list for PBXNativeTarget "tictactoe" */ = {
			isa = XCConfigurationList;
			buildConfigurations = (
				44AE73C521395A3200D69968 /* Debug */,
				44AE73C621395A3200D69968 /* Release */,
			);
			defaultConfigurationIsVisible = 0;
			defaultConfigurationName = Release;
		};
		44AE73C721395A3200D69968 /* Build configuration list for PBXNativeTarget "tictactoeTests" */ = {
			isa = XCConfigurationList;
			buildConfigurations = (
				44AE73C821395A3200D69968 /* Debug */,
				44AE73C921395A3200D69968 /* Release */,
			);
			defaultConfigurationIsVisible = 0;
			defaultConfigurationName = Release;
		};
		44AE73CA21395A3200D69968 /* Build configuration list for PBXNativeTarget "tictactoeUITests" */ = {
			isa = XCConfigurationList;
			buildConfigurations = (
				44AE73CB21395A3200D69968 /* Debug */,
				44AE73CC21395A3200D69968 /* Release */,
			);
			defaultConfigurationIsVisible = 0;
			defaultConfigurationName = Release;
		};
/* End XCConfigurationList section */
	};
	rootObject = 44AE739421395A2F00D69968 /* Project object */;
}
